// !$*UTF8*$!
{
	archiveVersion = 1;
	classes = {
	};
	objectVersion = 46;
	objects = {

/* Begin PBXBuildFile section */
		CFFFAB801CA97FBD0020E203 /* AppDelegate.swift in Sources */ = {isa = PBXBuildFile; fileRef = CFFFAB7F1CA97FBD0020E203 /* AppDelegate.swift */; };
		CFFFAB821CA97FBD0020E203 /* ViewController.swift in Sources */ = {isa = PBXBuildFile; fileRef = CFFFAB811CA97FBD0020E203 /* ViewController.swift */; };
		CFFFAB851CA97FBD0020E203 /* Main.storyboard in Resources */ = {isa = PBXBuildFile; fileRef = CFFFAB831CA97FBD0020E203 /* Main.storyboard */; };
		CFFFAB871CA97FBD0020E203 /* Assets.xcassets in Resources */ = {isa = PBXBuildFile; fileRef = CFFFAB861CA97FBD0020E203 /* Assets.xcassets */; };
		CFFFAB8A1CA97FBD0020E203 /* LaunchScreen.storyboard in Resources */ = {isa = PBXBuildFile; fileRef = CFFFAB881CA97FBD0020E203 /* LaunchScreen.storyboard */; };
/* End PBXBuildFile section */

/* Begin PBXFileReference section */
		CFFFAB7C1CA97FBD0020E203 /* rss_reader.app */ = {isa = PBXFileReference; explicitFileType = wrapper.application; includeInIndex = 0; path = rss_reader.app; sourceTree = BUILT_PRODUCTS_DIR; };
		CFFFAB7F1CA97FBD0020E203 /* AppDelegate.swift */ = {isa = PBXFileReference; lastKnownFileType = sourcecode.swift; path = AppDelegate.swift; sourceTree = "<group>"; };
		CFFFAB811CA97FBD0020E203 /* ViewController.swift */ = {isa = PBXFileReference; lastKnownFileType = sourcecode.swift; path = ViewController.swift; sourceTree = "<group>"; };
		CFFFAB841CA97FBD0020E203 /* Base */ = {isa = PBXFileReference; lastKnownFileType = file.storyboard; name = Base; path = Base.lproj/Main.storyboard; sourceTree = "<group>"; };
		CFFFAB861CA97FBD0020E203 /* Assets.xcassets */ = {isa = PBXFileReference; lastKnownFileType = folder.assetcatalog; path = Assets.xcassets; sourceTree = "<group>"; };
		CFFFAB891CA97FBD0020E203 /* Base */ = {isa = PBXFileReference; lastKnownFileType = file.storyboard; name = Base; path = Base.lproj/LaunchScreen.storyboard; sourceTree = "<group>"; };
		CFFFAB8B1CA97FBD0020E203 /* Info.plist */ = {isa = PBXFileReference; lastKnownFileType = text.plist.xml; path = Info.plist; sourceTree = "<group>"; };
/* End PBXFileReference section */

/* Begin PBXFrameworksBuildPhase section */
		CFFFAB791CA97FBD0020E203 /* Frameworks */ = {
			isa = PBXFrameworksBuildPhase;
			buildActionMask = 2147483647;
			files = (
			);
			runOnlyForDeploymentPostprocessing = 0;
		};
/* End PBXFrameworksBuildPhase section */

/* Begin PBXGroup section */
		CFFFAB731CA97FBD0020E203 = {
			isa = PBXGroup;
			children = (
				CFFFAB7E1CA97FBD0020E203 /* rss_reader */,
				CFFFAB7D1CA97FBD0020E203 /* Products */,
			);
			sourceTree = "<group>";
		};
		CFFFAB7D1CA97FBD0020E203 /* Products */ = {
			isa = PBXGroup;
			children = (
				CFFFAB7C1CA97FBD0020E203 /* rss_reader.app */,
			);
			name = Products;
			sourceTree = "<group>";
		};
		CFFFAB7E1CA97FBD0020E203 /* rss_reader */ = {
			isa = PBXGroup;
			children = (
				CFFFAB7F1CA97FBD0020E203 /* AppDelegate.swift */,
				CFFFAB811CA97FBD0020E203 /* ViewController.swift */,
				CFFFAB831CA97FBD0020E203 /* Main.storyboard */,
				CFFFAB861CA97FBD0020E203 /* Assets.xcassets */,
				CFFFAB881CA97FBD0020E203 /* LaunchScreen.storyboard */,
				CFFFAB8B1CA97FBD0020E203 /* Info.plist */,
			);
			path = rss_reader;
			sourceTree = "<group>";
		};
/* End PBXGroup section */

/* Begin PBXNativeTarget section */
		CFFFAB7B1CA97FBD0020E203 /* rss_reader */ = {
			isa = PBXNativeTarget;
			buildConfigurationList = CFFFAB8E1CA97FBD0020E203 /* Build configuration list for PBXNativeTarget "rss_reader" */;
			buildPhases = (
				CFFFAB781CA97FBD0020E203 /* Sources */,
				CFFFAB791CA97FBD0020E203 /* Frameworks */,
				CFFFAB7A1CA97FBD0020E203 /* Resources */,
			);
			buildRules = (
			);
			dependencies = (
			);
			name = rss_reader;
			productName = rss_reader;
			productReference = CFFFAB7C1CA97FBD0020E203 /* rss_reader.app */;
			productType = "com.apple.product-type.application";
		};
/* End PBXNativeTarget section */

/* Begin PBXProject section */
		CFFFAB741CA97FBD0020E203 /* Project object */ = {
			isa = PBXProject;
			attributes = {
				LastSwiftUpdateCheck = 0730;
				LastUpgradeCheck = 0730;
				ORGANIZATIONNAME = iit;
				TargetAttributes = {
					CFFFAB7B1CA97FBD0020E203 = {
						CreatedOnToolsVersion = 7.3;
					};
				};
			};
			buildConfigurationList = CFFFAB771CA97FBD0020E203 /* Build configuration list for PBXProject "rss_reader" */;
			compatibilityVersion = "Xcode 3.2";
			developmentRegion = English;
			hasScannedForEncodings = 0;
			knownRegions = (
				en,
				Base,
			);
			mainGroup = CFFFAB731CA97FBD0020E203;
			productRefGroup = CFFFAB7D1CA97FBD0020E203 /* Products */;
			projectDirPath = "";
			projectRoot = "";
			targets = (
				CFFFAB7B1CA97FBD0020E203 /* rss_reader */,
			);
		};
/* End PBXProject section */

/* Begin PBXResourcesBuildPhase section */
		CFFFAB7A1CA97FBD0020E203 /* Resources */ = {
			isa = PBXResourcesBuildPhase;
			buildActionMask = 2147483647;
			files = (
				CFFFAB8A1CA97FBD0020E203 /* LaunchScreen.storyboard in Resources */,
				CFFFAB871CA97FBD0020E203 /* Assets.xcassets in Resources */,
				CFFFAB851CA97FBD0020E203 /* Main.storyboard in Resources */,
			);
			runOnlyForDeploymentPostprocessing = 0;
		};
/* End PBXResourcesBuildPhase section */

/* Begin PBXSourcesBuildPhase section */
		CFFFAB781CA97FBD0020E203 /* Sources */ = {
			isa = PBXSourcesBuildPhase;
			buildActionMask = 2147483647;
			files = (
				CFFFAB821CA97FBD0020E203 /* ViewController.swift in Sources */,
				CFFFAB801CA97FBD0020E203 /* AppDelegate.swift in Sources */,
			);
			runOnlyForDeploymentPostprocessing = 0;
		};
/* End PBXSourcesBuildPhase section */

/* Begin PBXVariantGroup section */
		CFFFAB831CA97FBD0020E203 /* Main.storyboard */ = {
			isa = PBXVariantGroup;
			children = (
				CFFFAB841CA97FBD0020E203 /* Base */,
			);
			name = Main.storyboard;
			sourceTree = "<group>";
		};
		CFFFAB881CA97FBD0020E203 /* LaunchScreen.storyboard */ = {
			isa = PBXVariantGroup;
			children = (
				CFFFAB891CA97FBD0020E203 /* Base */,
			);
			name = LaunchScreen.storyboard;
			sourceTree = "<group>";
		};
/* End PBXVariantGroup section */

/* Begin XCBuildConfiguration section */
		CFFFAB8C1CA97FBD0020E203 /* Debug */ = {
			isa = XCBuildConfiguration;
			buildSettings = {
				ALWAYS_SEARCH_USER_PATHS = NO;
				CLANG_ANALYZER_NONNULL = YES;
				CLANG_CXX_LANGUAGE_STANDARD = "gnu++0x";
				CLANG_CXX_LIBRARY = "libc++";
				CLANG_ENABLE_MODULES = YES;
				CLANG_ENABLE_OBJC_ARC = YES;
				CLANG_WARN_BOOL_CONVERSION = YES;
				CLANG_WARN_CONSTANT_CONVERSION = YES;
				CLANG_WARN_DIRECT_OBJC_ISA_USAGE = YES_ERROR;
				CLANG_WARN_EMPTY_BODY = YES;
				CLANG_WARN_ENUM_CONVERSION = YES;
				CLANG_WARN_INT_CONVERSION = YES;
				CLANG_WARN_OBJC_ROOT_CLASS = YES_ERROR;
				CLANG_WARN_UNREACHABLE_CODE = YES;
				CLANG_WARN__DUPLICATE_METHOD_MATCH = YES;
				"CODE_SIGN_IDENTITY[sdk=iphoneos*]" = "iPhone Developer";
				COPY_PHASE_STRIP = NO;
				DEBUG_INFORMATION_FORMAT = dwarf;
				ENABLE_STRICT_OBJC_MSGSEND = YES;
				ENABLE_TESTABILITY = YES;
				GCC_C_LANGUAGE_STANDARD = gnu99;
				GCC_DYNAMIC_NO_PIC = NO;
				GCC_NO_COMMON_BLOCKS = YES;
				GCC_OPTIMIZATION_LEVEL = 0;
				GCC_PREPROCESSOR_DEFINITIONS = (
					"DEBUG=1",
					"$(inherited)",
				);
				GCC_WARN_64_TO_32_BIT_CONVERSION = YES;
				GCC_WARN_ABOUT_RETURN_TYPE = YES_ERROR;
				GCC_WARN_UNDECLARED_SELECTOR = YES;
				GCC_WARN_UNINITIALIZED_AUTOS = YES_AGGRESSIVE;
				GCC_WARN_UNUSED_FUNCTION = YES;
				GCC_WARN_UNUSED_VARIABLE = YES;
				IPHONEOS_DEPLOYMENT_TARGET = 9.3;
				MTL_ENABLE_DEBUG_INFO = YES;
				ONLY_ACTIVE_ARCH = YES;
				SDKROOT = iphoneos;
				SWIFT_OPTIMIZATION_LEVEL = "-Onone";
			};
			name = Debug;
		};
		CFFFAB8D1CA97FBD0020E203 /* Release */ = {
			isa = XCBuildConfiguration;
			buildSettings = {
				ALWAYS_SEARCH_USER_PATHS = NO;
				CLANG_ANALYZER_NONNULL = YES;
				CLANG_CXX_LANGUAGE_STANDARD = "gnu++0x";
				CLANG_CXX_LIBRARY = "libc++";
				CLANG_ENABLE_MODULES = YES;
				CLANG_ENABLE_OBJC_ARC = YES;
				CLANG_WARN_BOOL_CONVERSION = YES;
				CLANG_WARN_CONSTANT_CONVERSION = YES;
				CLANG_WARN_DIRECT_OBJC_ISA_USAGE = YES_ERROR;
				CLANG_WARN_EMPTY_BODY = YES;
				CLANG_WARN_ENUM_CONVERSION = YES;
				CLANG_WARN_INT_CONVERSION = YES;
				CLANG_WARN_OBJC_ROOT_CLASS = YES_ERROR;
				CLANG_WARN_UNREACHABLE_CODE = YES;
				CLANG_WARN__DUPLICATE_METHOD_MATCH = YES;
				"CODE_SIGN_IDENTITY[sdk=iphoneos*]" = "iPhone Developer";
				COPY_PHASE_STRIP = NO;
				DEBUG_INFORMATION_FORMAT = "dwarf-with-dsym";
				ENABLE_NS_ASSERTIONS = NO;
				ENABLE_STRICT_OBJC_MSGSEND = YES;
				GCC_C_LANGUAGE_STANDARD = gnu99;
				GCC_NO_COMMON_BLOCKS = YES;
				GCC_WARN_64_TO_32_BIT_CONVERSION = YES;
				GCC_WARN_ABOUT_RETURN_TYPE = YES_ERROR;
				GCC_WARN_UNDECLARED_SELECTOR = YES;
				GCC_WARN_UNINITIALIZED_AUTOS = YES_AGGRESSIVE;
				GCC_WARN_UNUSED_FUNCTION = YES;
				GCC_WARN_UNUSED_VARIABLE = YES;
				IPHONEOS_DEPLOYMENT_TARGET = 9.3;
				MTL_ENABLE_DEBUG_INFO = NO;
				SDKROOT = iphoneos;
				VALIDATE_PRODUCT = YES;
			};
			name = Release;
		};
		CFFFAB8F1CA97FBD0020E203 /* Debug */ = {
			isa = XCBuildConfiguration;
			buildSettings = {
				ASSETCATALOG_COMPILER_APPICON_NAME = AppIcon;
				INFOPLIST_FILE = rss_reader/Info.plist;
				LD_RUNPATH_SEARCH_PATHS = "$(inherited) @executable_path/Frameworks";
				PRODUCT_BUNDLE_IDENTIFIER = "iit.rss-reader";
				PRODUCT_NAME = "$(TARGET_NAME)";
			};
			name = Debug;
		};
		CFFFAB901CA97FBD0020E203 /* Release */ = {
			isa = XCBuildConfiguration;
			buildSettings = {
				ASSETCATALOG_COMPILER_APPICON_NAME = AppIcon;
				INFOPLIST_FILE = rss_reader/Info.plist;
				LD_RUNPATH_SEARCH_PATHS = "$(inherited) @executable_path/Frameworks";
				PRODUCT_BUNDLE_IDENTIFIER = "iit.rss-reader";
				PRODUCT_NAME = "$(TARGET_NAME)";
			};
			name = Release;
		};
/* End XCBuildConfiguration section */

/* Begin XCConfigurationList section */
		CFFFAB771CA97FBD0020E203 /* Build configuration list for PBXProject "rss_reader" */ = {
			isa = XCConfigurationList;
			buildConfigurations = (
				CFFFAB8C1CA97FBD0020E203 /* Debug */,
				CFFFAB8D1CA97FBD0020E203 /* Release */,
			);
			defaultConfigurationIsVisible = 0;
			defaultConfigurationName = Release;
		};
		CFFFAB8E1CA97FBD0020E203 /* Build configuration list for PBXNativeTarget "rss_reader" */ = {
			isa = XCConfigurationList;
			buildConfigurations = (
				CFFFAB8F1CA97FBD0020E203 /* Debug */,
				CFFFAB901CA97FBD0020E203 /* Release */,
			);
			defaultConfigurationIsVisible = 0;
		};
/* End XCConfigurationList section */
	};
	rootObject = CFFFAB741CA97FBD0020E203 /* Project object */;
}
